
Microsoft Visual Studio Solution File, Format Version 12.00
# Visual Studio Version 16
VisualStudioVersion = 16.0.31105.61
MinimumVisualStudioVersion = 10.0.40219.1
Project("{FAE04EC0-301F-11D3-BF4B-00C04F79EFBC}") = "Dsl", "Dsl\Dsl.csproj", "{F54A4291-9A39-43D5-AF96-487CBBD29B2D}"
EndProject
Project("{FAE04EC0-301F-11D3-BF4B-00C04F79EFBC}") = "DslPackage", "DslPackage\DslPackage.csproj", "{74F90C80-00A8-46C5-8596-4024EA476FD0}"
EndProject
Global
	GlobalSection(SolutionConfigurationPlatforms) = preSolution
		Debug|Any CPU = Debug|Any CPU
		Release|Any CPU = Release|Any CPU
	EndGlobalSection
	GlobalSection(ProjectConfigurationPlatforms) = postSolution
		{F54A4291-9A39-43D5-AF96-487CBBD29B2D}.Debug|Any CPU.ActiveCfg = Debug|Any CPU
		{F54A4291-9A39-43D5-AF96-487CBBD29B2D}.Debug|Any CPU.Build.0 = Debug|Any CPU
		{F54A4291-9A39-43D5-AF96-487CBBD29B2D}.Release|Any CPU.ActiveCfg = Release|Any CPU
		{F54A4291-9A39-43D5-AF96-487CBBD29B2D}.Release|Any CPU.Build.0 = Release|Any CPU
		{74F90C80-00A8-46C5-8596-4024EA476FD0}.Debug|Any CPU.ActiveCfg = Debug|Any CPU
		{74F90C80-00A8-46C5-8596-4024EA476FD0}.Debug|Any CPU.Build.0 = Debug|Any CPU
		{74F90C80-00A8-46C5-8596-4024EA476FD0}.Release|Any CPU.ActiveCfg = Release|Any CPU
		{74F90C80-00A8-46C5-8596-4024EA476FD0}.Release|Any CPU.Build.0 = Release|Any CPU
	EndGlobalSection
	GlobalSection(SolutionProperties) = preSolution
		HideSolutionNode = FALSE
	EndGlobalSection
	GlobalSection(ExtensibilityGlobals) = postSolution
		SolutionGuid = {14C7AF53-C574-486E-B2EA-934F7353950E}
	EndGlobalSection
EndGlobal
