
Microsoft Visual Studio Solution File, Format Version 12.00
# Visual Studio 12
Project("{FAE04EC0-301F-11D3-BF4B-00C04F79EFBC}") = "Debugging", "Debugging.csproj", "{7609ed44-94d5-4972-8760-56859ce6b4ad}"
EndProject
Global
	GlobalSection(TextTemplating) = postSolution
		TextTemplating = 1
	EndGlobalSection
	GlobalSection(SolutionConfigurationPlatforms) = preSolution
		Debug|Any CPU = Debug|Any CPU
		Release|Any CPU = Release|Any CPU
	EndGlobalSection
	GlobalSection(ProjectConfigurationPlatforms) = postSolution
		{7609ed44-94d5-4972-8760-56859ce6b4ad}.Debug|Any CPU.ActiveCfg = Debug|Any CPU
		{7609ed44-94d5-4972-8760-56859ce6b4ad}.Debug|Any CPU.Build.0 = Debug|Any CPU
		{7609ed44-94d5-4972-8760-56859ce6b4ad}.Release|Any CPU.ActiveCfg = Release|Any CPU
		{7609ed44-94d5-4972-8760-56859ce6b4ad}.Release|Any CPU.Build.0 = Release|Any CPU
	EndGlobalSection
	GlobalSection(SolutionProperties) = preSolution
		HideSolutionNode = FALSE
	EndGlobalSection
EndGlobal
